
Microsoft Visual Studio Solution File, Format Version 12.00
# Visual Studio Version 17
VisualStudioVersion = 17.0.31903.59
MinimumVisualStudioVersion = 10.0.40219.1
Project("{2150E333-8FDC-42A3-9474-1A3956D46DE8}") = "src", "src", "{E684832E-53FF-4745-9DF2-5B5F9164E73B}"
EndProject
Project("{FAE04EC0-301F-11D3-BF4B-00C04F79EFBC}") = "TriageAssistant.Core", "src\TriageAssistant.Core\TriageAssistant.Core.csproj", "{B53664C8-1482-4DE2-8BDE-7DFB4AECE557}"
EndProject
Project("{FAE04EC0-301F-11D3-BF4B-00C04F79EFBC}") = "TriageAssistant.Action", "src\TriageAssistant.Action\TriageAssistant.Action.csproj", "{DEF2F90E-FE0B-4BED-AEA5-D2DB5AABAACA}"
EndProject
Project("{2150E333-8FDC-42A3-9474-1A3956D46DE8}") = "tests", "tests", "{DF1510B3-317C-49AF-9560-13C32A905D5C}"
EndProject
Project("{FAE04EC0-301F-11D3-BF4B-00C04F79EFBC}") = "TriageAssistant.Tests", "tests\TriageAssistant.Tests\TriageAssistant.Tests.csproj", "{0366D4FD-F543-4168-8A01-4A05E1122CC6}"
EndProject
Global
	GlobalSection(SolutionConfigurationPlatforms) = preSolution
		Debug|Any CPU = Debug|Any CPU
		Release|Any CPU = Release|Any CPU
	EndGlobalSection
	GlobalSection(SolutionProperties) = preSolution
		HideSolutionNode = FALSE
	EndGlobalSection
	GlobalSection(ProjectConfigurationPlatforms) = postSolution
		{B53664C8-1482-4DE2-8BDE-7DFB4AECE557}.Debug|Any CPU.ActiveCfg = Debug|Any CPU
		{B53664C8-1482-4DE2-8BDE-7DFB4AECE557}.Debug|Any CPU.Build.0 = Debug|Any CPU
		{B53664C8-1482-4DE2-8BDE-7DFB4AECE557}.Release|Any CPU.ActiveCfg = Release|Any CPU
		{B53664C8-1482-4DE2-8BDE-7DFB4AECE557}.Release|Any CPU.Build.0 = Release|Any CPU
		{DEF2F90E-FE0B-4BED-AEA5-D2DB5AABAACA}.Debug|Any CPU.ActiveCfg = Debug|Any CPU
		{DEF2F90E-FE0B-4BED-AEA5-D2DB5AABAACA}.Debug|Any CPU.Build.0 = Debug|Any CPU
		{DEF2F90E-FE0B-4BED-AEA5-D2DB5AABAACA}.Release|Any CPU.ActiveCfg = Release|Any CPU
		{DEF2F90E-FE0B-4BED-AEA5-D2DB5AABAACA}.Release|Any CPU.Build.0 = Release|Any CPU
		{0366D4FD-F543-4168-8A01-4A05E1122CC6}.Debug|Any CPU.ActiveCfg = Debug|Any CPU
		{0366D4FD-F543-4168-8A01-4A05E1122CC6}.Debug|Any CPU.Build.0 = Debug|Any CPU
		{0366D4FD-F543-4168-8A01-4A05E1122CC6}.Release|Any CPU.ActiveCfg = Release|Any CPU
		{0366D4FD-F543-4168-8A01-4A05E1122CC6}.Release|Any CPU.Build.0 = Release|Any CPU
	EndGlobalSection
	GlobalSection(NestedProjects) = preSolution
		{B53664C8-1482-4DE2-8BDE-7DFB4AECE557} = {E684832E-53FF-4745-9DF2-5B5F9164E73B}
		{DEF2F90E-FE0B-4BED-AEA5-D2DB5AABAACA} = {E684832E-53FF-4745-9DF2-5B5F9164E73B}
		{0366D4FD-F543-4168-8A01-4A05E1122CC6} = {DF1510B3-317C-49AF-9560-13C32A905D5C}
	EndGlobalSection
EndGlobal
